{
  "version": 4,
  "terraform_version": "1.14.5",
  "serial": 10,
  "lineage": "3c26269d-9b95-337d-47a0-c6abf395582f",
  "outputs": {
    "public_ip": {
      "value": "40.116.109.145",
      "type": "string"
    },
    "ssh_command": {
      "value": "ssh -i ~/.ssh/mercury azureuser@40.116.109.145",
      "type": "string"
    }
  },
  "resources": [
    {
      "mode": "managed",
      "type": "azurerm_linux_virtual_machine",
      "name": "main",
      "provider": "provider[\"registry.terraform.io/hashicorp/azurerm\"]",
      "instances": [
        {
          "schema_version": 0,
          "attributes": {
            "additional_capabilities": [],
            "admin_password": null,
            "admin_ssh_key": [
              {
                "public_key": "ssh-rsa AAAAB3NzaC1yc2EAAAADAQABAAACAQC8oa6ZK5SJGsCzaFYm+uRk0C/Ar2fUl0yDKkoeGqY61rTrk69GLDgHpgpNMZMnE9F6S4WAZ/h+pH4kf5ArJoJObQOReYogaQ0iLGlcoaTDzLf60lmJOqRXfd8KQfYz7Ngiv9hDCmQg0XTtXOFP4uJRX/MJZPY4Ri8OaLHBdwrN0pMsQGSvO7k73kpNfjjlNNIAEa0VN1t+DF4w10Y8XRDy1KiAS5h50m52N/u9ENdZyWIvY/3ogtpW4c0u/FFN5jefxgIEsAh4blHMYsPr/YfcNyz/7FSiIIgkORxgpHS6nnv1RuktWg6yzjZ+ln/ECwkgFUu3QkOvUkXyPYTf/M7qNHqGPP7BOUBy/RQrT/5OgfqMzXDgnopCu37S0tN/MlDHO7faXPZkF4xdfkrTm/5hFv0YegOGUZubopFzPuO6QkvwNU1AHI7odZJNLEPnzvCdNbdvEqkMzWHfuvF48649sWaBPf2ReheR6kDHy2airRV8PmgcgTEfY82KFR3he9shyJtxDF5phlfYjS4+LUHjriHaXFcMQDQ0mwZ34IA8knnJ31mK+XwVMTOeA4CsJx6AayEB1IJkaR7lQanGdxhgjnHeXgk8pklfQwX9JL5Bb1bUG6YHqKmXmLVbItIlZiJutf+AOOjxEaDhcWCW8sjkIFv7Qod+Ul7IbYOj7fn8xQ== sachin.soman@gmail.com\n",
                "username": "azureuser"
              }
            ],
            "admin_username": "azureuser",
            "allow_extension_operations": true,
            "availability_set_id": "",
            "boot_diagnostics": [],
            "bypass_platform_safety_checks_on_user_schedule_enabled": false,
            "capacity_reservation_group_id": "",
            "computer_name": "vm-demo",
            "custom_data": null,
            "dedicated_host_group_id": "",
            "dedicated_host_id": "",
            "disable_password_authentication": true,
            "disk_controller_type": "SCSI",
            "edge_zone": "",
            "encryption_at_host_enabled": false,
            "eviction_policy": "",
            "extensions_time_budget": "PT1H30M",
            "gallery_application": [],
            "id": "/subscriptions/069e5ab3-e87f-4b55-b363-ee1537411607/resourceGroups/rg-terraform-demo/providers/Microsoft.Compute/virtualMachines/vm-demo",
            "identity": [],
            "license_type": "",
            "location": "northcentralus",
            "max_bid_price": -1,
            "name": "vm-demo",
            "network_interface_ids": [
              "/subscriptions/069e5ab3-e87f-4b55-b363-ee1537411607/resourceGroups/rg-terraform-demo/providers/Microsoft.Network/networkInterfaces/nic-demo"
            ],
            "os_disk": [
              {
                "caching": "ReadWrite",
                "diff_disk_settings": [],
                "disk_encryption_set_id": "",
                "disk_size_gb": 30,
                "id": "/subscriptions/069e5ab3-e87f-4b55-b363-ee1537411607/resourceGroups/rg-terraform-demo/providers/Microsoft.Compute/disks/vm-demo_OsDisk_1_9dcb3bcb8d524f2c8985edb820efb7c3",
                "name": "vm-demo_OsDisk_1_9dcb3bcb8d524f2c8985edb820efb7c3",
                "secure_vm_disk_encryption_set_id": "",
                "security_encryption_type": "",
                "storage_account_type": "StandardSSD_LRS",
                "write_accelerator_enabled": false
              }
            ],
            "os_image_notification": [],
            "os_managed_disk_id": "/subscriptions/069e5ab3-e87f-4b55-b363-ee1537411607/resourceGroups/rg-terraform-demo/providers/Microsoft.Compute/disks/vm-demo_OsDisk_1_9dcb3bcb8d524f2c8985edb820efb7c3",
            "patch_assessment_mode": "ImageDefault",
            "patch_mode": "ImageDefault",
            "plan": [],
            "platform_fault_domain": -1,
            "priority": "Regular",
            "private_ip_address": "10.0.1.4",
            "private_ip_addresses": [
              "10.0.1.4"
            ],
            "provision_vm_agent": true,
            "proximity_placement_group_id": "",
            "public_ip_address": "40.116.109.145",
            "public_ip_addresses": [
              "40.116.109.145"
            ],
            "reboot_setting": "",
            "resource_group_name": "rg-terraform-demo",
            "secret": [],
            "secure_boot_enabled": false,
            "size": "Standard_D2s_v3",
            "source_image_id": "",
            "source_image_reference": [
              {
                "offer": "ubuntu-24_04-lts",
                "publisher": "Canonical",
                "sku": "server",
                "version": "latest"
              }
            ],
            "tags": null,
            "termination_notification": null,
            "timeouts": null,
            "user_data": "",
            "virtual_machine_id": "9d2793ae-4982-491b-a49c-1e291fbb19d3",
            "virtual_machine_scale_set_id": "",
            "vm_agent_platform_updates_enabled": false,
            "vtpm_enabled": false,
            "zone": ""
          },
          "sensitive_attributes": [
            [
              {
                "type": "get_attr",
                "value": "admin_password"
              }
            ],
            [
              {
                "type": "get_attr",
                "value": "custom_data"
              }
            ]
          ],
          "identity_schema_version": 0,
          "private": "eyJlMmJmYjczMC1lY2FhLTExZTYtOGY4OC0zNDM2M2JjN2M0YzAiOnsiY3JlYXRlIjoyNzAwMDAwMDAwMDAwLCJkZWxldGUiOjI3MDAwMDAwMDAwMDAsInJlYWQiOjMwMDAwMDAwMDAwMCwidXBkYXRlIjoyNzAwMDAwMDAwMDAwfX0=",
          "dependencies": [
            "azurerm_network_interface.main",
            "azurerm_public_ip.main",
            "azurerm_resource_group.main",
            "azurerm_subnet.main",
            "azurerm_virtual_network.main"
          ]
        }
      ]
    },
    {
      "mode": "managed",
      "type": "azurerm_network_interface",
      "name": "main",
      "provider": "provider[\"registry.terraform.io/hashicorp/azurerm\"]",
      "instances": [
        {
          "schema_version": 0,
          "attributes": {
            "accelerated_networking_enabled": false,
            "applied_dns_servers": [],
            "auxiliary_mode": "",
            "auxiliary_sku": "",
            "dns_servers": null,
            "edge_zone": "",
            "id": "/subscriptions/069e5ab3-e87f-4b55-b363-ee1537411607/resourceGroups/rg-terraform-demo/providers/Microsoft.Network/networkInterfaces/nic-demo",
            "internal_dns_name_label": "",
            "internal_domain_name_suffix": "hwdv3jpcthtevhvmrnwirl34te.ex.internal.cloudapp.net",
            "ip_configuration": [
              {
                "gateway_load_balancer_frontend_ip_configuration_id": "",
                "name": "internal",
                "primary": true,
                "private_ip_address": "10.0.1.4",
                "private_ip_address_allocation": "Dynamic",
                "private_ip_address_version": "IPv4",
                "public_ip_address_id": "/subscriptions/069e5ab3-e87f-4b55-b363-ee1537411607/resourceGroups/rg-terraform-demo/providers/Microsoft.Network/publicIPAddresses/pip-demo",
                "subnet_id": "/subscriptions/069e5ab3-e87f-4b55-b363-ee1537411607/resourceGroups/rg-terraform-demo/providers/Microsoft.Network/virtualNetworks/vnet-demo/subnets/subnet-demo"
              }
            ],
            "ip_forwarding_enabled": false,
            "location": "northcentralus",
            "mac_address": "",
            "name": "nic-demo",
            "private_ip_address": "10.0.1.4",
            "private_ip_addresses": [
              "10.0.1.4"
            ],
            "resource_group_name": "rg-terraform-demo",
            "tags": null,
            "timeouts": null,
            "virtual_machine_id": ""
          },
          "sensitive_attributes": [],
          "identity_schema_version": 0,
          "identity": {
            "name": "nic-demo",
            "resource_group_name": "rg-terraform-demo",
            "subscription_id": "069e5ab3-e87f-4b55-b363-ee1537411607"
          },
          "private": "eyJlMmJmYjczMC1lY2FhLTExZTYtOGY4OC0zNDM2M2JjN2M0YzAiOnsiY3JlYXRlIjoxODAwMDAwMDAwMDAwLCJkZWxldGUiOjE4MDAwMDAwMDAwMDAsInJlYWQiOjMwMDAwMDAwMDAwMCwidXBkYXRlIjoxODAwMDAwMDAwMDAwfX0=",
          "dependencies": [
            "azurerm_public_ip.main",
            "azurerm_resource_group.main",
            "azurerm_subnet.main",
            "azurerm_virtual_network.main"
          ]
        }
      ]
    },
    {
      "mode": "managed",
      "type": "azurerm_network_interface_security_group_association",
      "name": "main",
      "provider": "provider[\"registry.terraform.io/hashicorp/azurerm\"]",
      "instances": [
        {
          "schema_version": 0,
          "attributes": {
            "id": "/subscriptions/069e5ab3-e87f-4b55-b363-ee1537411607/resourceGroups/rg-terraform-demo/providers/Microsoft.Network/networkInterfaces/nic-demo|/subscriptions/069e5ab3-e87f-4b55-b363-ee1537411607/resourceGroups/rg-terraform-demo/providers/Microsoft.Network/networkSecurityGroups/nsg-demo",
            "network_interface_id": "/subscriptions/069e5ab3-e87f-4b55-b363-ee1537411607/resourceGroups/rg-terraform-demo/providers/Microsoft.Network/networkInterfaces/nic-demo",
            "network_security_group_id": "/subscriptions/069e5ab3-e87f-4b55-b363-ee1537411607/resourceGroups/rg-terraform-demo/providers/Microsoft.Network/networkSecurityGroups/nsg-demo",
            "timeouts": null
          },
          "sensitive_attributes": [],
          "identity_schema_version": 0,
          "private": "eyJlMmJmYjczMC1lY2FhLTExZTYtOGY4OC0zNDM2M2JjN2M0YzAiOnsiY3JlYXRlIjoxODAwMDAwMDAwMDAwLCJkZWxldGUiOjE4MDAwMDAwMDAwMDAsInJlYWQiOjMwMDAwMDAwMDAwMH19",
          "dependencies": [
            "azurerm_network_interface.main",
            "azurerm_network_security_group.main",
            "azurerm_public_ip.main",
            "azurerm_resource_group.main",
            "azurerm_subnet.main",
            "azurerm_virtual_network.main"
          ]
        }
      ]
    },
    {
      "mode": "managed",
      "type": "azurerm_network_security_group",
      "name": "main",
      "provider": "provider[\"registry.terraform.io/hashicorp/azurerm\"]",
      "instances": [
        {
          "schema_version": 0,
          "attributes": {
            "id": "/subscriptions/069e5ab3-e87f-4b55-b363-ee1537411607/resourceGroups/rg-terraform-demo/providers/Microsoft.Network/networkSecurityGroups/nsg-demo",
            "location": "northcentralus",
            "name": "nsg-demo",
            "resource_group_name": "rg-terraform-demo",
            "security_rule": [
              {
                "access": "Allow",
                "description": "",
                "destination_address_prefix": "*",
                "destination_address_prefixes": [],
                "destination_application_security_group_ids": [],
                "destination_port_range": "22",
                "destination_port_ranges": [],
                "direction": "Inbound",
                "name": "SSH",
                "priority": 1001,
                "protocol": "Tcp",
                "source_address_prefix": "*",
                "source_address_prefixes": [],
                "source_application_security_group_ids": [],
                "source_port_range": "*",
                "source_port_ranges": []
              }
            ],
            "tags": null,
            "timeouts": null
          },
          "sensitive_attributes": [],
          "identity_schema_version": 0,
          "identity": {
            "name": "nsg-demo",
            "resource_group_name": "rg-terraform-demo",
            "subscription_id": "069e5ab3-e87f-4b55-b363-ee1537411607"
          },
          "private": "eyJlMmJmYjczMC1lY2FhLTExZTYtOGY4OC0zNDM2M2JjN2M0YzAiOnsiY3JlYXRlIjoxODAwMDAwMDAwMDAwLCJkZWxldGUiOjE4MDAwMDAwMDAwMDAsInJlYWQiOjMwMDAwMDAwMDAwMCwidXBkYXRlIjoxODAwMDAwMDAwMDAwfX0=",
          "dependencies": [
            "azurerm_resource_group.main"
          ]
        }
      ]
    },
    {
      "mode": "managed",
      "type": "azurerm_public_ip",
      "name": "main",
      "provider": "provider[\"registry.terraform.io/hashicorp/azurerm\"]",
      "instances": [
        {
          "schema_version": 0,
          "attributes": {
            "allocation_method": "Static",
            "ddos_protection_mode": "VirtualNetworkInherited",
            "ddos_protection_plan_id": null,
            "domain_name_label": null,
            "domain_name_label_scope": null,
            "edge_zone": "",
            "fqdn": null,
            "id": "/subscriptions/069e5ab3-e87f-4b55-b363-ee1537411607/resourceGroups/rg-terraform-demo/providers/Microsoft.Network/publicIPAddresses/pip-demo",
            "idle_timeout_in_minutes": 4,
            "ip_address": "40.116.109.145",
            "ip_tags": null,
            "ip_version": "IPv4",
            "location": "northcentralus",
            "name": "pip-demo",
            "public_ip_prefix_id": null,
            "resource_group_name": "rg-terraform-demo",
            "reverse_fqdn": null,
            "sku": "Standard",
            "sku_tier": "Regional",
            "tags": null,
            "timeouts": null,
            "zones": null
          },
          "sensitive_attributes": [],
          "identity_schema_version": 0,
          "private": "eyJlMmJmYjczMC1lY2FhLTExZTYtOGY4OC0zNDM2M2JjN2M0YzAiOnsiY3JlYXRlIjoxODAwMDAwMDAwMDAwLCJkZWxldGUiOjE4MDAwMDAwMDAwMDAsInJlYWQiOjMwMDAwMDAwMDAwMCwidXBkYXRlIjoxODAwMDAwMDAwMDAwfX0=",
          "dependencies": [
            "azurerm_resource_group.main"
          ]
        }
      ]
    },
    {
      "mode": "managed",
      "type": "azurerm_resource_group",
      "name": "demo_state",
      "provider": "provider[\"registry.terraform.io/hashicorp/azurerm\"]",
      "instances": [
        {
          "schema_version": 0,
          "attributes": {
            "id": "/subscriptions/069e5ab3-e87f-4b55-b363-ee1537411607/resourceGroups/rg-state-demo",
            "location": "northcentralus",
            "managed_by": "",
            "name": "rg-state-demo",
            "tags": null,
            "timeouts": null
          },
          "sensitive_attributes": [],
          "identity_schema_version": 0,
          "private": "eyJlMmJmYjczMC1lY2FhLTExZTYtOGY4OC0zNDM2M2JjN2M0YzAiOnsiY3JlYXRlIjo1NDAwMDAwMDAwMDAwLCJkZWxldGUiOjU0MDAwMDAwMDAwMDAsInJlYWQiOjMwMDAwMDAwMDAwMCwidXBkYXRlIjo1NDAwMDAwMDAwMDAwfX0="
        }
      ]
    },
    {
      "mode": "managed",
      "type": "azurerm_resource_group",
      "name": "main",
      "provider": "provider[\"registry.terraform.io/hashicorp/azurerm\"]",
      "instances": [
        {
          "schema_version": 0,
          "attributes": {
            "id": "/subscriptions/069e5ab3-e87f-4b55-b363-ee1537411607/resourceGroups/rg-terraform-demo",
            "location": "northcentralus",
            "managed_by": "",
            "name": "rg-terraform-demo",
            "tags": null,
            "timeouts": null
          },
          "sensitive_attributes": [],
          "identity_schema_version": 0,
          "private": "eyJlMmJmYjczMC1lY2FhLTExZTYtOGY4OC0zNDM2M2JjN2M0YzAiOnsiY3JlYXRlIjo1NDAwMDAwMDAwMDAwLCJkZWxldGUiOjU0MDAwMDAwMDAwMDAsInJlYWQiOjMwMDAwMDAwMDAwMCwidXBkYXRlIjo1NDAwMDAwMDAwMDAwfX0="
        }
      ]
    },
    {
      "mode": "managed",
      "type": "azurerm_subnet",
      "name": "main",
      "provider": "provider[\"registry.terraform.io/hashicorp/azurerm\"]",
      "instances": [
        {
          "schema_version": 0,
          "attributes": {
            "address_prefixes": [
              "10.0.1.0/24"
            ],
            "default_outbound_access_enabled": true,
            "delegation": [],
            "id": "/subscriptions/069e5ab3-e87f-4b55-b363-ee1537411607/resourceGroups/rg-terraform-demo/providers/Microsoft.Network/virtualNetworks/vnet-demo/subnets/subnet-demo",
            "ip_address_pool": [],
            "name": "subnet-demo",
            "private_endpoint_network_policies": "Disabled",
            "private_link_service_network_policies_enabled": true,
            "resource_group_name": "rg-terraform-demo",
            "service_endpoint_policy_ids": null,
            "service_endpoints": null,
            "sharing_scope": "",
            "timeouts": null,
            "virtual_network_name": "vnet-demo"
          },
          "sensitive_attributes": [],
          "identity_schema_version": 0,
          "identity": {
            "name": "subnet-demo",
            "resource_group_name": "rg-terraform-demo",
            "subscription_id": "069e5ab3-e87f-4b55-b363-ee1537411607",
            "virtual_network_name": "vnet-demo"
          },
          "private": "eyJlMmJmYjczMC1lY2FhLTExZTYtOGY4OC0zNDM2M2JjN2M0YzAiOnsiY3JlYXRlIjoxODAwMDAwMDAwMDAwLCJkZWxldGUiOjE4MDAwMDAwMDAwMDAsInJlYWQiOjMwMDAwMDAwMDAwMCwidXBkYXRlIjoxODAwMDAwMDAwMDAwfX0=",
          "dependencies": [
            "azurerm_resource_group.main",
            "azurerm_virtual_network.main"
          ]
        }
      ]
    },
    {
      "mode": "managed",
      "type": "azurerm_virtual_network",
      "name": "main",
      "provider": "provider[\"registry.terraform.io/hashicorp/azurerm\"]",
      "instances": [
        {
          "schema_version": 0,
          "attributes": {
            "address_space": [
              "10.0.0.0/16"
            ],
            "bgp_community": "",
            "ddos_protection_plan": [],
            "dns_servers": [],
            "edge_zone": "",
            "encryption": [],
            "flow_timeout_in_minutes": 0,
            "guid": "a55e873d-99e2-4ae6-9eac-8b6c88afbe9c",
            "id": "/subscriptions/069e5ab3-e87f-4b55-b363-ee1537411607/resourceGroups/rg-terraform-demo/providers/Microsoft.Network/virtualNetworks/vnet-demo",
            "ip_address_pool": [],
            "location": "northcentralus",
            "name": "vnet-demo",
            "private_endpoint_vnet_policies": "Disabled",
            "resource_group_name": "rg-terraform-demo",
            "subnet": [],
            "tags": null,
            "timeouts": null
          },
          "sensitive_attributes": [],
          "identity_schema_version": 0,
          "identity": {
            "name": "vnet-demo",
            "resource_group_name": "rg-terraform-demo",
            "subscription_id": "069e5ab3-e87f-4b55-b363-ee1537411607"
          },
          "private": "eyJlMmJmYjczMC1lY2FhLTExZTYtOGY4OC0zNDM2M2JjN2M0YzAiOnsiY3JlYXRlIjoxODAwMDAwMDAwMDAwLCJkZWxldGUiOjE4MDAwMDAwMDAwMDAsInJlYWQiOjMwMDAwMDAwMDAwMCwidXBkYXRlIjoxODAwMDAwMDAwMDAwfX0=",
          "dependencies": [
            "azurerm_resource_group.main"
          ]
        }
      ]
    }
  ],
  "check_results": null
}
